
Microsoft Visual Studio Solution File, Format Version 12.00
# Visual Studio 15
VisualStudioVersion = 15.0.28010.2048
MinimumVisualStudioVersion = 10.0.40219.1
Project("{FAE04EC0-301F-11D3-BF4B-00C04F79EFBC}") = "Lab5 SeleniumWebDriver", "Lab5 SeleniumWebDriver\Lab5 SeleniumWebDriver.csproj", "{E51F873F-2DC3-433D-921E-498E9F797459}"
EndProject
Global
	GlobalSection(SolutionConfigurationPlatforms) = preSolution
		Debug|Any CPU = Debug|Any CPU
		Release|Any CPU = Release|Any CPU
	EndGlobalSection
	GlobalSection(ProjectConfigurationPlatforms) = postSolution
		{E51F873F-2DC3-433D-921E-498E9F797459}.Debug|Any CPU.ActiveCfg = Debug|Any CPU
		{E51F873F-2DC3-433D-921E-498E9F797459}.Debug|Any CPU.Build.0 = Debug|Any CPU
		{E51F873F-2DC3-433D-921E-498E9F797459}.Release|Any CPU.ActiveCfg = Release|Any CPU
		{E51F873F-2DC3-433D-921E-498E9F797459}.Release|Any CPU.Build.0 = Release|Any CPU
	EndGlobalSection
	GlobalSection(SolutionProperties) = preSolution
		HideSolutionNode = FALSE
	EndGlobalSection
	GlobalSection(ExtensibilityGlobals) = postSolution
		SolutionGuid = {35965BDF-3DCD-49C8-ACDE-3A7479B5946F}
	EndGlobalSection
EndGlobal
